{
  "name": "makanday-audience-analytics",
  "version": "0.5.0",
  "lockfileVersion": 3,
  "requires": true,
  "packages": {
    "": {
      "name": "makanday-audience-analytics",
      "version": "0.5.0",
      "license": "Apache-2.0",
      "dependencies": {
        "@developai/grounded-node-runtime": "file:../grounded-node-runtime",
        "dotenv": "^16.4.5"
      },
      "engines": {
        "node": ">=20"
      }
    },
    "../grounded-node-runtime": {
      "name": "@developai/grounded-node-runtime",
      "version": "0.5.0",
      "license": "Apache-2.0",
      "dependencies": {
        "@anthropic-ai/sdk": "^0.32.1",
        "dotenv": "^16.4.5",
        "express": "^4.21.1",
        "mammoth": "^1.8.0",
        "multer": "^1.4.5-lts.1",
        "openai": "^4.73.0"
      },
      "engines": {
        "node": ">=20"
      }
    },
    "node_modules/@developai/grounded-node-runtime": {
      "resolved": "../grounded-node-runtime",
      "link": true
    },
    "node_modules/dotenv": {
      "version": "16.6.1",
      "resolved": "https://registry.npmjs.org/dotenv/-/dotenv-16.6.1.tgz",
      "integrity": "sha512-uBq4egWHTcTt33a72vpSG0z3HnPuIl6NqYcTrKEg2azoEyl2hpW0zqlxysq2pK9HlDIHyHyakeYaYnSAwd8bow==",
      "license": "BSD-2-Clause",
      "engines": {
        "node": ">=12"
      },
      "funding": {
        "url": "https://dotenvx.com"
      }
    }
  }
}
